// !$*UTF8*$!
{
	archiveVersion = 1;
	classes = {
	};
	objectVersion = 46;
	objects = {

/* Begin PBXBuildFile section */
		040159501BE5E057009142F8 /* A3TopicPictureView.m in Sources */ = {isa = PBXBuildFile; fileRef = 0401594F1BE5E057009142F8 /* A3TopicPictureView.m */; };
		040159521BE5E07B009142F8 /* A3TopicPictureView.xib in Resources */ = {isa = PBXBuildFile; fileRef = 040159511BE5E07B009142F8 /* A3TopicPictureView.xib */; };
		04168E691BE8D584001B6B5E /* A3SeeBigViewController.m in Sources */ = {isa = PBXBuildFile; fileRef = 04168E671BE8D584001B6B5E /* A3SeeBigViewController.m */; };
		04168E6A1BE8D584001B6B5E /* A3SeeBigViewController.xib in Resources */ = {isa = PBXBuildFile; fileRef = 04168E681BE8D584001B6B5E /* A3SeeBigViewController.xib */; };
		0419577B1BEBA84300B6AFD3 /* A3NavigationController.m in Sources */ = {isa = PBXBuildFile; fileRef = 0419577A1BEBA84300B6AFD3 /* A3NavigationController.m */; };
		0422D4641BEF1F6F003A5F24 /* A3SettingViewController.m in Sources */ = {isa = PBXBuildFile; fileRef = 0422D4631BEF1F6F003A5F24 /* A3SettingViewController.m */; };
		0422D4671BEF20F1003A5F24 /* A3MeFooter.m in Sources */ = {isa = PBXBuildFile; fileRef = 0422D4661BEF20F1003A5F24 /* A3MeFooter.m */; };
		0422D46A1BEF214E003A5F24 /* A3MeSquare.m in Sources */ = {isa = PBXBuildFile; fileRef = 0422D4691BEF214E003A5F24 /* A3MeSquare.m */; };
		0422D46D1BEF2190003A5F24 /* A3MeSquareButton.m in Sources */ = {isa = PBXBuildFile; fileRef = 0422D46C1BEF2190003A5F24 /* A3MeSquareButton.m */; };
		0422D4701BEF23C4003A5F24 /* A3WebViewController.m in Sources */ = {isa = PBXBuildFile; fileRef = 0422D46F1BEF23C4003A5F24 /* A3WebViewController.m */; };
		0422D4751BEF29FA003A5F24 /* A3ClearCacheCell.m in Sources */ = {isa = PBXBuildFile; fileRef = 0422D4741BEF29FA003A5F24 /* A3ClearCacheCell.m */; };
		0422D4781BEF2BAE003A5F24 /* NSString+A3Extension.m in Sources */ = {isa = PBXBuildFile; fileRef = 0422D4771BEF2BAE003A5F24 /* NSString+A3Extension.m */; };
		0422D47B1BEF3328003A5F24 /* A3SettingCell.m in Sources */ = {isa = PBXBuildFile; fileRef = 0422D47A1BEF3328003A5F24 /* A3SettingCell.m */; };
		0422D47E1BEF35CD003A5F24 /* A3StatusBarViewController.m in Sources */ = {isa = PBXBuildFile; fileRef = 0422D47D1BEF35CD003A5F24 /* A3StatusBarViewController.m */; };
		0422D4811BEF528C003A5F24 /* A3OtherCell.m in Sources */ = {isa = PBXBuildFile; fileRef = 0422D4801BEF528C003A5F24 /* A3OtherCell.m */; };
		0422D4831BEF52B6003A5F24 /* A3OtherCell.xib in Resources */ = {isa = PBXBuildFile; fileRef = 0422D4821BEF52B6003A5F24 /* A3OtherCell.xib */; };
		0422D4841BEF67D0003A5F24 /* A3MeCell.m in Sources */ = {isa = PBXBuildFile; fileRef = 0422D4601BEF1AB5003A5F24 /* A3MeCell.m */; };
		0422D4851BEF7340003A5F24 /* A3WebViewController.xib in Resources */ = {isa = PBXBuildFile; fileRef = 0422D4711BEF240C003A5F24 /* A3WebViewController.xib */; };
		043401A91BEA11B300F9471D /* A3TopicVoiceView.m in Sources */ = {isa = PBXBuildFile; fileRef = 043401A71BEA11B300F9471D /* A3TopicVoiceView.m */; };
		043401AA1BEA11B300F9471D /* A3TopicVoiceView.xib in Resources */ = {isa = PBXBuildFile; fileRef = 043401A81BEA11B300F9471D /* A3TopicVoiceView.xib */; };
		043401AE1BEA120D00F9471D /* A3TopicVideoView.m in Sources */ = {isa = PBXBuildFile; fileRef = 043401AC1BEA120D00F9471D /* A3TopicVideoView.m */; settings = {COMPILER_FLAGS = "-Wno-deprecated-declarations"; }; };
		043401AF1BEA120D00F9471D /* A3TopicVideoView.xib in Resources */ = {isa = PBXBuildFile; fileRef = 043401AD1BEA120D00F9471D /* A3TopicVideoView.xib */; };
		043401B21BEA232600F9471D /* A3TopiCenterView.m in Sources */ = {isa = PBXBuildFile; fileRef = 043401B11BEA232600F9471D /* A3TopiCenterView.m */; };
		043401B51BEA291800F9471D /* A3TopicViewController.m in Sources */ = {isa = PBXBuildFile; fileRef = 043401B41BEA291800F9471D /* A3TopicViewController.m */; };
		04363C0E1BEC9103009C6AC6 /* A3FriendTrendsViewController.storyboard in Resources */ = {isa = PBXBuildFile; fileRef = 04363C0D1BEC9103009C6AC6 /* A3FriendTrendsViewController.storyboard */; };
		04363C111BEC91DC009C6AC6 /* A3LoginRegisterViewController.m in Sources */ = {isa = PBXBuildFile; fileRef = 04363C101BEC91DC009C6AC6 /* A3LoginRegisterViewController.m */; };
		04363C171BECA303009C6AC6 /* A3QuickLoginButton.m in Sources */ = {isa = PBXBuildFile; fileRef = 04363C161BECA303009C6AC6 /* A3QuickLoginButton.m */; };
		04363C1A1BECA327009C6AC6 /* A3LoginRegisterTextField.m in Sources */ = {isa = PBXBuildFile; fileRef = 04363C191BECA327009C6AC6 /* A3LoginRegisterTextField.m */; };
		04363C1D1BECA593009C6AC6 /* UITextField+A3Extension.m in Sources */ = {isa = PBXBuildFile; fileRef = 04363C1C1BECA593009C6AC6 /* UITextField+A3Extension.m */; };
		044926BD1BE0EC980092B75F /* A3TabBar.m in Sources */ = {isa = PBXBuildFile; fileRef = 044926BC1BE0EC980092B75F /* A3TabBar.m */; };
		0463583C1BE0E79C002264DE /* UIBarButtonItem+A3Extension.m in Sources */ = {isa = PBXBuildFile; fileRef = 0463583B1BE0E79C002264DE /* UIBarButtonItem+A3Extension.m */; };
		046FB06C1BEB90CA0083C4AA /* A3RecommendTagCell.m in Sources */ = {isa = PBXBuildFile; fileRef = 046FB06A1BEB90CA0083C4AA /* A3RecommendTagCell.m */; };
		046FB06D1BEB90CA0083C4AA /* A3RecommendTagCell.xib in Resources */ = {isa = PBXBuildFile; fileRef = 046FB06B1BEB90CA0083C4AA /* A3RecommendTagCell.xib */; };
		046FB0701BEB91210083C4AA /* A3RecommendTag.m in Sources */ = {isa = PBXBuildFile; fileRef = 046FB06F1BEB91210083C4AA /* A3RecommendTag.m */; };
		046FB0731BEB97320083C4AA /* A3RecommendTagViewController.m in Sources */ = {isa = PBXBuildFile; fileRef = 046FB0721BEB97320083C4AA /* A3RecommendTagViewController.m */; };
		04A739781BEDD0D00027A6EA /* A3RecommendFollowViewController.m in Sources */ = {isa = PBXBuildFile; fileRef = 04A739771BEDD0D00027A6EA /* A3RecommendFollowViewController.m */; };
		04A7397B1BEDFB870027A6EA /* A3RecommendCategory.m in Sources */ = {isa = PBXBuildFile; fileRef = 04A7397A1BEDFB870027A6EA /* A3RecommendCategory.m */; };
		04A7397E1BEDFC450027A6EA /* A3RecommendCategoryCell.m in Sources */ = {isa = PBXBuildFile; fileRef = 04A7397D1BEDFC450027A6EA /* A3RecommendCategoryCell.m */; };
		04A739811BEE046A0027A6EA /* A3RecommendUser.m in Sources */ = {isa = PBXBuildFile; fileRef = 04A739801BEE046A0027A6EA /* A3RecommendUser.m */; };
		04A739841BEE04A80027A6EA /* A3RecommenduserCell.m in Sources */ = {isa = PBXBuildFile; fileRef = 04A739831BEE04A80027A6EA /* A3RecommenduserCell.m */; };
		04B119451BE4E6F600B220BA /* A3User.m in Sources */ = {isa = PBXBuildFile; fileRef = 04B119441BE4E6F600B220BA /* A3User.m */; };
		04B119481BE4E6FE00B220BA /* A3Comment.m in Sources */ = {isa = PBXBuildFile; fileRef = 04B119471BE4E6FE00B220BA /* A3Comment.m */; };
		04DAC2291BE0A0CA0056E786 /* Assets.xcassets in Resources */ = {isa = PBXBuildFile; fileRef = 04DAC2281BE0A0CA0056E786 /* Assets.xcassets */; };
		04DAC2371BE0A0CA0056E786 /* BSBDJTests.m in Sources */ = {isa = PBXBuildFile; fileRef = 04DAC2361BE0A0CA0056E786 /* BSBDJTests.m */; };
		04DAC2421BE0A0CA0056E786 /* BSBDJUITests.m in Sources */ = {isa = PBXBuildFile; fileRef = 04DAC2411BE0A0CA0056E786 /* BSBDJUITests.m */; };
		04DAC2671BE0A3770056E786 /* AppDelegate.m in Sources */ = {isa = PBXBuildFile; fileRef = 04DAC2621BE0A3770056E786 /* AppDelegate.m */; };
		04DAC2681BE0A3770056E786 /* main.m in Sources */ = {isa = PBXBuildFile; fileRef = 04DAC2641BE0A3770056E786 /* main.m */; };
		04DAC26B1BE0A5120056E786 /* A3TabBarController.m in Sources */ = {isa = PBXBuildFile; fileRef = 04DAC26A1BE0A5120056E786 /* A3TabBarController.m */; };
		04DAC26E1BE0A5FD0056E786 /* A3EssenceViewController.m in Sources */ = {isa = PBXBuildFile; fileRef = 04DAC26D1BE0A5FD0056E786 /* A3EssenceViewController.m */; };
		04DAC2711BE0A6510056E786 /* A3FriendTrendsViewController.m in Sources */ = {isa = PBXBuildFile; fileRef = 04DAC2701BE0A6510056E786 /* A3FriendTrendsViewController.m */; };
		04DAC2741BE0A6670056E786 /* A3MeViewController.m in Sources */ = {isa = PBXBuildFile; fileRef = 04DAC2731BE0A6670056E786 /* A3MeViewController.m */; };
		04DAC2771BE0A6890056E786 /* A3NewViewController.m in Sources */ = {isa = PBXBuildFile; fileRef = 04DAC2761BE0A6890056E786 /* A3NewViewController.m */; };
		04DE49121BE306BA00BF0F85 /* UIView+A3Extension.m in Sources */ = {isa = PBXBuildFile; fileRef = 04DE49111BE306BA00BF0F85 /* UIView+A3Extension.m */; };
		04DE49151BE3105E00BF0F85 /* A3TitleButton.m in Sources */ = {isa = PBXBuildFile; fileRef = 04DE49141BE3105E00BF0F85 /* A3TitleButton.m */; };
		04DE49191BE31B2F00BF0F85 /* A3AllViewController.m in Sources */ = {isa = PBXBuildFile; fileRef = 04DE49181BE31B2F00BF0F85 /* A3AllViewController.m */; };
		04DE491C1BE31B4000BF0F85 /* A3VideoViewController.m in Sources */ = {isa = PBXBuildFile; fileRef = 04DE491B1BE31B4000BF0F85 /* A3VideoViewController.m */; };
		04DE491F1BE31B4E00BF0F85 /* A3VoiceViewController.m in Sources */ = {isa = PBXBuildFile; fileRef = 04DE491E1BE31B4E00BF0F85 /* A3VoiceViewController.m */; };
		04DE49221BE31B6300BF0F85 /* A3PictureViewController.m in Sources */ = {isa = PBXBuildFile; fileRef = 04DE49211BE31B6300BF0F85 /* A3PictureViewController.m */; };
		04DE49251BE31B6E00BF0F85 /* A3WordViewController.m in Sources */ = {isa = PBXBuildFile; fileRef = 04DE49241BE31B6E00BF0F85 /* A3WordViewController.m */; };
		04DE49281BE3226700BF0F85 /* A3Const.m in Sources */ = {isa = PBXBuildFile; fileRef = 04DE49271BE3226700BF0F85 /* A3Const.m */; };
		04DE492B1BE359F100BF0F85 /* A3Topic.m in Sources */ = {isa = PBXBuildFile; fileRef = 04DE492A1BE359F100BF0F85 /* A3Topic.m */; };
		04DE492E1BE35CA500BF0F85 /* A3TopicCell.m in Sources */ = {isa = PBXBuildFile; fileRef = 04DE492D1BE35CA500BF0F85 /* A3TopicCell.m */; };
		04DE49301BE35D8300BF0F85 /* A3TopicCell.xib in Resources */ = {isa = PBXBuildFile; fileRef = 04DE492F1BE35D8300BF0F85 /* A3TopicCell.xib */; };
		04DE49331BE3607400BF0F85 /* UIImage+A3Extension.m in Sources */ = {isa = PBXBuildFile; fileRef = 04DE49321BE3607400BF0F85 /* UIImage+A3Extension.m */; };
		04DE49361BE3632300BF0F85 /* UIImageView+A3Extension.m in Sources */ = {isa = PBXBuildFile; fileRef = 04DE49351BE3632300BF0F85 /* UIImageView+A3Extension.m */; };
		04DE49391BE36BB000BF0F85 /* A3HTTPSessionManager.m in Sources */ = {isa = PBXBuildFile; fileRef = 04DE49381BE36BB000BF0F85 /* A3HTTPSessionManager.m */; };
		04DE493C1BE3874F00BF0F85 /* NSDate+A3Extension.m in Sources */ = {isa = PBXBuildFile; fileRef = 04DE493B1BE3874F00BF0F85 /* NSDate+A3Extension.m */; };
		60BDF6FFCFA937FF5C8AB625 /* libPods.a in Frameworks */ = {isa = PBXBuildFile; fileRef = 95DE1326DEF52195771024E0 /* libPods.a */; };
/* End PBXBuildFile section */

/* Begin PBXContainerItemProxy section */
		04DAC2331BE0A0CA0056E786 /* PBXContainerItemProxy */ = {
			isa = PBXContainerItemProxy;
			containerPortal = 04DAC2111BE0A0C90056E786 /* Project object */;
			proxyType = 1;
			remoteGlobalIDString = 04DAC2181BE0A0CA0056E786;
			remoteInfo = BSBDJ;
		};
		04DAC23E1BE0A0CA0056E786 /* PBXContainerItemProxy */ = {
			isa = PBXContainerItemProxy;
			containerPortal = 04DAC2111BE0A0C90056E786 /* Project object */;
			proxyType = 1;
			remoteGlobalIDString = 04DAC2181BE0A0CA0056E786;
			remoteInfo = BSBDJ;
		};
/* End PBXContainerItemProxy section */

/* Begin PBXFileReference section */
		0401594E1BE5E057009142F8 /* A3TopicPictureView.h */ = {isa = PBXFileReference; fileEncoding = 4; lastKnownFileType = sourcecode.c.h; path = A3TopicPictureView.h; sourceTree = SOURCE_ROOT; };
		0401594F1BE5E057009142F8 /* A3TopicPictureView.m */ = {isa = PBXFileReference; fileEncoding = 4; lastKnownFileType = sourcecode.c.objc; path = A3TopicPictureView.m; sourceTree = SOURCE_ROOT; };
		040159511BE5E07B009142F8 /* A3TopicPictureView.xib */ = {isa = PBXFileReference; fileEncoding = 4; lastKnownFileType = file.xib; path = A3TopicPictureView.xib; sourceTree = SOURCE_ROOT; };
		04168E661BE8D584001B6B5E /* A3SeeBigViewController.h */ = {isa = PBXFileReference; fileEncoding = 4; lastKnownFileType = sourcecode.c.h; path = A3SeeBigViewController.h; sourceTree = "<group>"; };
		04168E671BE8D584001B6B5E /* A3SeeBigViewController.m */ = {isa = PBXFileReference; fileEncoding = 4; lastKnownFileType = sourcecode.c.objc; path = A3SeeBigViewController.m; sourceTree = "<group>"; };
		04168E681BE8D584001B6B5E /* A3SeeBigViewController.xib */ = {isa = PBXFileReference; fileEncoding = 4; lastKnownFileType = file.xib; path = A3SeeBigViewController.xib; sourceTree = "<group>"; };
		041957791BEBA84300B6AFD3 /* A3NavigationController.h */ = {isa = PBXFileReference; fileEncoding = 4; lastKnownFileType = sourcecode.c.h; path = A3NavigationController.h; sourceTree = "<group>"; };
		0419577A1BEBA84300B6AFD3 /* A3NavigationController.m */ = {isa = PBXFileReference; fileEncoding = 4; lastKnownFileType = sourcecode.c.objc; path = A3NavigationController.m; sourceTree = "<group>"; };
		0422D45F1BEF1AB5003A5F24 /* A3MeCell.h */ = {isa = PBXFileReference; fileEncoding = 4; lastKnownFileType = sourcecode.c.h; name = A3MeCell.h; path = "BSBDJ/Classes/FriendTrends-关注/Controller/A3MeCell.h"; sourceTree = SOURCE_ROOT; };
		0422D4601BEF1AB5003A5F24 /* A3MeCell.m */ = {isa = PBXFileReference; fileEncoding = 4; lastKnownFileType = sourcecode.c.objc; name = A3MeCell.m; path = "BSBDJ/Classes/FriendTrends-关注/Controller/A3MeCell.m"; sourceTree = SOURCE_ROOT; };
		0422D4621BEF1F6F003A5F24 /* A3SettingViewController.h */ = {isa = PBXFileReference; fileEncoding = 4; lastKnownFileType = sourcecode.c.h; path = A3SettingViewController.h; sourceTree = "<group>"; };
		0422D4631BEF1F6F003A5F24 /* A3SettingViewController.m */ = {isa = PBXFileReference; fileEncoding = 4; lastKnownFileType = sourcecode.c.objc; path = A3SettingViewController.m; sourceTree = "<group>"; };
		0422D4651BEF20F1003A5F24 /* A3MeFooter.h */ = {isa = PBXFileReference; fileEncoding = 4; lastKnownFileType = sourcecode.c.h; name = A3MeFooter.h; path = "BSBDJ/Classes/Me-我/Controller/A3MeFooter.h"; sourceTree = SOURCE_ROOT; };
		0422D4661BEF20F1003A5F24 /* A3MeFooter.m */ = {isa = PBXFileReference; fileEncoding = 4; lastKnownFileType = sourcecode.c.objc; name = A3MeFooter.m; path = "BSBDJ/Classes/Me-我/Controller/A3MeFooter.m"; sourceTree = SOURCE_ROOT; };
		0422D4681BEF214E003A5F24 /* A3MeSquare.h */ = {isa = PBXFileReference; fileEncoding = 4; lastKnownFileType = sourcecode.c.h; name = A3MeSquare.h; path = "BSBDJ/Classes/Me-我/Controller/A3MeSquare.h"; sourceTree = SOURCE_ROOT; };
		0422D4691BEF214E003A5F24 /* A3MeSquare.m */ = {isa = PBXFileReference; fileEncoding = 4; lastKnownFileType = sourcecode.c.objc; name = A3MeSquare.m; path = "BSBDJ/Classes/Me-我/Controller/A3MeSquare.m"; sourceTree = SOURCE_ROOT; };
		0422D46B1BEF2190003A5F24 /* A3MeSquareButton.h */ = {isa = PBXFileReference; fileEncoding = 4; lastKnownFileType = sourcecode.c.h; name = A3MeSquareButton.h; path = "BSBDJ/Classes/Me-我/Controller/A3MeSquareButton.h"; sourceTree = SOURCE_ROOT; };
		0422D46C1BEF2190003A5F24 /* A3MeSquareButton.m */ = {isa = PBXFileReference; fileEncoding = 4; lastKnownFileType = sourcecode.c.objc; name = A3MeSquareButton.m; path = "BSBDJ/Classes/Me-我/Controller/A3MeSquareButton.m"; sourceTree = SOURCE_ROOT; };
		0422D46E1BEF23C4003A5F24 /* A3WebViewController.h */ = {isa = PBXFileReference; fileEncoding = 4; lastKnownFileType = sourcecode.c.h; path = A3WebViewController.h; sourceTree = "<group>"; };
		0422D46F1BEF23C4003A5F24 /* A3WebViewController.m */ = {isa = PBXFileReference; fileEncoding = 4; lastKnownFileType = sourcecode.c.objc; path = A3WebViewController.m; sourceTree = "<group>"; };
		0422D4711BEF240C003A5F24 /* A3WebViewController.xib */ = {isa = PBXFileReference; fileEncoding = 4; lastKnownFileType = file.xib; path = A3WebViewController.xib; sourceTree = "<group>"; };
		0422D4731BEF29FA003A5F24 /* A3ClearCacheCell.h */ = {isa = PBXFileReference; fileEncoding = 4; lastKnownFileType = sourcecode.c.h; name = A3ClearCacheCell.h; path = "BSBDJ/Classes/Me-我/Controller/A3ClearCacheCell.h"; sourceTree = SOURCE_ROOT; };
		0422D4741BEF29FA003A5F24 /* A3ClearCacheCell.m */ = {isa = PBXFileReference; fileEncoding = 4; lastKnownFileType = sourcecode.c.objc; name = A3ClearCacheCell.m; path = "BSBDJ/Classes/Me-我/Controller/A3ClearCacheCell.m"; sourceTree = SOURCE_ROOT; };
		0422D4761BEF2BAE003A5F24 /* NSString+A3Extension.h */ = {isa = PBXFileReference; fileEncoding = 4; lastKnownFileType = sourcecode.c.h; path = "NSString+A3Extension.h"; sourceTree = "<group>"; };
		0422D4771BEF2BAE003A5F24 /* NSString+A3Extension.m */ = {isa = PBXFileReference; fileEncoding = 4; lastKnownFileType = sourcecode.c.objc; path = "NSString+A3Extension.m"; sourceTree = "<group>"; };
		0422D4791BEF3328003A5F24 /* A3SettingCell.h */ = {isa = PBXFileReference; fileEncoding = 4; lastKnownFileType = sourcecode.c.h; name = A3SettingCell.h; path = "BSBDJ/Classes/Other-其它/A3SettingCell.h"; sourceTree = SOURCE_ROOT; };
		0422D47A1BEF3328003A5F24 /* A3SettingCell.m */ = {isa = PBXFileReference; fileEncoding = 4; lastKnownFileType = sourcecode.c.objc; name = A3SettingCell.m; path = "BSBDJ/Classes/Other-其它/A3SettingCell.m"; sourceTree = SOURCE_ROOT; };
		0422D47C1BEF35CD003A5F24 /* A3StatusBarViewController.h */ = {isa = PBXFileReference; fileEncoding = 4; lastKnownFileType = sourcecode.c.h; path = A3StatusBarViewController.h; sourceTree = "<group>"; };
		0422D47D1BEF35CD003A5F24 /* A3StatusBarViewController.m */ = {isa = PBXFileReference; fileEncoding = 4; lastKnownFileType = sourcecode.c.objc; path = A3StatusBarViewController.m; sourceTree = "<group>"; };
		0422D47F1BEF528C003A5F24 /* A3OtherCell.h */ = {isa = PBXFileReference; fileEncoding = 4; lastKnownFileType = sourcecode.c.h; name = A3OtherCell.h; path = "BSBDJ/Classes/Other-其它/Controller/A3OtherCell.h"; sourceTree = SOURCE_ROOT; };
		0422D4801BEF528C003A5F24 /* A3OtherCell.m */ = {isa = PBXFileReference; fileEncoding = 4; lastKnownFileType = sourcecode.c.objc; name = A3OtherCell.m; path = "BSBDJ/Classes/Other-其它/Controller/A3OtherCell.m"; sourceTree = SOURCE_ROOT; };
		0422D4821BEF52B6003A5F24 /* A3OtherCell.xib */ = {isa = PBXFileReference; fileEncoding = 4; lastKnownFileType = file.xib; name = A3OtherCell.xib; path = "BSBDJ/Classes/Other-其它/Controller/A3OtherCell.xib"; sourceTree = SOURCE_ROOT; };
		043401A61BEA11B300F9471D /* A3TopicVoiceView.h */ = {isa = PBXFileReference; fileEncoding = 4; lastKnownFileType = sourcecode.c.h; path = A3TopicVoiceView.h; sourceTree = SOURCE_ROOT; };
		043401A71BEA11B300F9471D /* A3TopicVoiceView.m */ = {isa = PBXFileReference; fileEncoding = 4; lastKnownFileType = sourcecode.c.objc; path = A3TopicVoiceView.m; sourceTree = SOURCE_ROOT; };
		043401A81BEA11B300F9471D /* A3TopicVoiceView.xib */ = {isa = PBXFileReference; fileEncoding = 4; lastKnownFileType = file.xib; path = A3TopicVoiceView.xib; sourceTree = SOURCE_ROOT; };
		043401AB1BEA120D00F9471D /* A3TopicVideoView.h */ = {isa = PBXFileReference; fileEncoding = 4; lastKnownFileType = sourcecode.c.h; path = A3TopicVideoView.h; sourceTree = SOURCE_ROOT; };
		043401AC1BEA120D00F9471D /* A3TopicVideoView.m */ = {isa = PBXFileReference; fileEncoding = 4; lastKnownFileType = sourcecode.c.objc; path = A3TopicVideoView.m; sourceTree = SOURCE_ROOT; };
		043401AD1BEA120D00F9471D /* A3TopicVideoView.xib */ = {isa = PBXFileReference; fileEncoding = 4; lastKnownFileType = file.xib; path = A3TopicVideoView.xib; sourceTree = SOURCE_ROOT; };
		043401B01BEA232600F9471D /* A3TopiCenterView.h */ = {isa = PBXFileReference; fileEncoding = 4; lastKnownFileType = sourcecode.c.h; path = A3TopiCenterView.h; sourceTree = SOURCE_ROOT; };
		043401B11BEA232600F9471D /* A3TopiCenterView.m */ = {isa = PBXFileReference; fileEncoding = 4; lastKnownFileType = sourcecode.c.objc; path = A3TopiCenterView.m; sourceTree = SOURCE_ROOT; };
		043401B31BEA291800F9471D /* A3TopicViewController.h */ = {isa = PBXFileReference; fileEncoding = 4; lastKnownFileType = sourcecode.c.h; path = A3TopicViewController.h; sourceTree = "<group>"; };
		043401B41BEA291800F9471D /* A3TopicViewController.m */ = {isa = PBXFileReference; fileEncoding = 4; lastKnownFileType = sourcecode.c.objc; path = A3TopicViewController.m; sourceTree = "<group>"; };
		04363C0D1BEC9103009C6AC6 /* A3FriendTrendsViewController.storyboard */ = {isa = PBXFileReference; fileEncoding = 4; lastKnownFileType = file.storyboard; path = A3FriendTrendsViewController.storyboard; sourceTree = "<group>"; };
		04363C0F1BEC91DC009C6AC6 /* A3LoginRegisterViewController.h */ = {isa = PBXFileReference; fileEncoding = 4; lastKnownFileType = sourcecode.c.h; path = A3LoginRegisterViewController.h; sourceTree = "<group>"; };
		04363C101BEC91DC009C6AC6 /* A3LoginRegisterViewController.m */ = {isa = PBXFileReference; fileEncoding = 4; lastKnownFileType = sourcecode.c.objc; path = A3LoginRegisterViewController.m; sourceTree = "<group>"; };
		04363C151BECA303009C6AC6 /* A3QuickLoginButton.h */ = {isa = PBXFileReference; fileEncoding = 4; lastKnownFileType = sourcecode.c.h; name = A3QuickLoginButton.h; path = "BSBDJ/Classes/FriendTrends-关注/Controller/A3QuickLoginButton.h"; sourceTree = SOURCE_ROOT; };
		04363C161BECA303009C6AC6 /* A3QuickLoginButton.m */ = {isa = PBXFileReference; fileEncoding = 4; lastKnownFileType = sourcecode.c.objc; name = A3QuickLoginButton.m; path = "BSBDJ/Classes/FriendTrends-关注/Controller/A3QuickLoginButton.m"; sourceTree = SOURCE_ROOT; };
		04363C181BECA327009C6AC6 /* A3LoginRegisterTextField.h */ = {isa = PBXFileReference; fileEncoding = 4; lastKnownFileType = sourcecode.c.h; name = A3LoginRegisterTextField.h; path = "BSBDJ/Classes/FriendTrends-关注/Controller/A3LoginRegisterTextField.h"; sourceTree = SOURCE_ROOT; };
		04363C191BECA327009C6AC6 /* A3LoginRegisterTextField.m */ = {isa = PBXFileReference; fileEncoding = 4; lastKnownFileType = sourcecode.c.objc; name = A3LoginRegisterTextField.m; path = "BSBDJ/Classes/FriendTrends-关注/Controller/A3LoginRegisterTextField.m"; sourceTree = SOURCE_ROOT; };
		04363C1B1BECA593009C6AC6 /* UITextField+A3Extension.h */ = {isa = PBXFileReference; fileEncoding = 4; lastKnownFileType = sourcecode.c.h; path = "UITextField+A3Extension.h"; sourceTree = "<group>"; };
		04363C1C1BECA593009C6AC6 /* UITextField+A3Extension.m */ = {isa = PBXFileReference; fileEncoding = 4; lastKnownFileType = sourcecode.c.objc; path = "UITextField+A3Extension.m"; sourceTree = "<group>"; };
		044926BB1BE0EC980092B75F /* A3TabBar.h */ = {isa = PBXFileReference; fileEncoding = 4; lastKnownFileType = sourcecode.c.h; name = A3TabBar.h; path = "BSBDJ/Classes/Other-其它/A3TabBar.h"; sourceTree = SOURCE_ROOT; };
		044926BC1BE0EC980092B75F /* A3TabBar.m */ = {isa = PBXFileReference; fileEncoding = 4; lastKnownFileType = sourcecode.c.objc; name = A3TabBar.m; path = "BSBDJ/Classes/Other-其它/A3TabBar.m"; sourceTree = SOURCE_ROOT; };
		0463583A1BE0E79C002264DE /* UIBarButtonItem+A3Extension.h */ = {isa = PBXFileReference; fileEncoding = 4; lastKnownFileType = sourcecode.c.h; path = "UIBarButtonItem+A3Extension.h"; sourceTree = "<group>"; };
		0463583B1BE0E79C002264DE /* UIBarButtonItem+A3Extension.m */ = {isa = PBXFileReference; fileEncoding = 4; lastKnownFileType = sourcecode.c.objc; path = "UIBarButtonItem+A3Extension.m"; sourceTree = "<group>"; };
		046FB0691BEB90CA0083C4AA /* A3RecommendTagCell.h */ = {isa = PBXFileReference; fileEncoding = 4; lastKnownFileType = sourcecode.c.h; name = A3RecommendTagCell.h; path = "BSBDJ/Classes/Essence-精华/Controller/A3RecommendTagCell.h"; sourceTree = SOURCE_ROOT; };
		046FB06A1BEB90CA0083C4AA /* A3RecommendTagCell.m */ = {isa = PBXFileReference; fileEncoding = 4; lastKnownFileType = sourcecode.c.objc; name = A3RecommendTagCell.m; path = "BSBDJ/Classes/Essence-精华/Controller/A3RecommendTagCell.m"; sourceTree = SOURCE_ROOT; };
		046FB06B1BEB90CA0083C4AA /* A3RecommendTagCell.xib */ = {isa = PBXFileReference; fileEncoding = 4; lastKnownFileType = file.xib; name = A3RecommendTagCell.xib; path = "BSBDJ/Classes/Essence-精华/Controller/A3RecommendTagCell.xib"; sourceTree = SOURCE_ROOT; };
		046FB06E1BEB91210083C4AA /* A3RecommendTag.h */ = {isa = PBXFileReference; fileEncoding = 4; lastKnownFileType = sourcecode.c.h; name = A3RecommendTag.h; path = "BSBDJ/Classes/Essence-精华/Controller/A3RecommendTag.h"; sourceTree = SOURCE_ROOT; };
		046FB06F1BEB91210083C4AA /* A3RecommendTag.m */ = {isa = PBXFileReference; fileEncoding = 4; lastKnownFileType = sourcecode.c.objc; name = A3RecommendTag.m; path = "BSBDJ/Classes/Essence-精华/Controller/A3RecommendTag.m"; sourceTree = SOURCE_ROOT; };
		046FB0711BEB97320083C4AA /* A3RecommendTagViewController.h */ = {isa = PBXFileReference; fileEncoding = 4; lastKnownFileType = sourcecode.c.h; path = A3RecommendTagViewController.h; sourceTree = "<group>"; };
		046FB0721BEB97320083C4AA /* A3RecommendTagViewController.m */ = {isa = PBXFileReference; fileEncoding = 4; lastKnownFileType = sourcecode.c.objc; path = A3RecommendTagViewController.m; sourceTree = "<group>"; };
		04A739761BEDD0D00027A6EA /* A3RecommendFollowViewController.h */ = {isa = PBXFileReference; fileEncoding = 4; lastKnownFileType = sourcecode.c.h; path = A3RecommendFollowViewController.h; sourceTree = "<group>"; };
		04A739771BEDD0D00027A6EA /* A3RecommendFollowViewController.m */ = {isa = PBXFileReference; fileEncoding = 4; lastKnownFileType = sourcecode.c.objc; path = A3RecommendFollowViewController.m; sourceTree = "<group>"; };
		04A739791BEDFB870027A6EA /* A3RecommendCategory.h */ = {isa = PBXFileReference; fileEncoding = 4; lastKnownFileType = sourcecode.c.h; name = A3RecommendCategory.h; path = "BSBDJ/Classes/FriendTrends-关注/Controller/A3RecommendCategory.h"; sourceTree = SOURCE_ROOT; };
		04A7397A1BEDFB870027A6EA /* A3RecommendCategory.m */ = {isa = PBXFileReference; fileEncoding = 4; lastKnownFileType = sourcecode.c.objc; name = A3RecommendCategory.m; path = "BSBDJ/Classes/FriendTrends-关注/Controller/A3RecommendCategory.m"; sourceTree = SOURCE_ROOT; };
		04A7397C1BEDFC450027A6EA /* A3RecommendCategoryCell.h */ = {isa = PBXFileReference; fileEncoding = 4; lastKnownFileType = sourcecode.c.h; name = A3RecommendCategoryCell.h; path = "BSBDJ/Classes/FriendTrends-关注/Controller/A3RecommendCategoryCell.h"; sourceTree = SOURCE_ROOT; };
		04A7397D1BEDFC450027A6EA /* A3RecommendCategoryCell.m */ = {isa = PBXFileReference; fileEncoding = 4; lastKnownFileType = sourcecode.c.objc; name = A3RecommendCategoryCell.m; path = "BSBDJ/Classes/FriendTrends-关注/Controller/A3RecommendCategoryCell.m"; sourceTree = SOURCE_ROOT; };
		04A7397F1BEE046A0027A6EA /* A3RecommendUser.h */ = {isa = PBXFileReference; fileEncoding = 4; lastKnownFileType = sourcecode.c.h; name = A3RecommendUser.h; path = "BSBDJ/Classes/FriendTrends-关注/Controller/A3RecommendUser.h"; sourceTree = SOURCE_ROOT; };
		04A739801BEE046A0027A6EA /* A3RecommendUser.m */ = {isa = PBXFileReference; fileEncoding = 4; lastKnownFileType = sourcecode.c.objc; name = A3RecommendUser.m; path = "BSBDJ/Classes/FriendTrends-关注/Controller/A3RecommendUser.m"; sourceTree = SOURCE_ROOT; };
		04A739821BEE04A80027A6EA /* A3RecommenduserCell.h */ = {isa = PBXFileReference; fileEncoding = 4; lastKnownFileType = sourcecode.c.h; name = A3RecommenduserCell.h; path = "BSBDJ/Classes/FriendTrends-关注/Controller/A3RecommenduserCell.h"; sourceTree = SOURCE_ROOT; };
		04A739831BEE04A80027A6EA /* A3RecommenduserCell.m */ = {isa = PBXFileReference; fileEncoding = 4; lastKnownFileType = sourcecode.c.objc; name = A3RecommenduserCell.m; path = "BSBDJ/Classes/FriendTrends-关注/Controller/A3RecommenduserCell.m"; sourceTree = SOURCE_ROOT; };
		04B119431BE4E6F600B220BA /* A3User.h */ = {isa = PBXFileReference; fileEncoding = 4; lastKnownFileType = sourcecode.c.h; name = A3User.h; path = "BSBDJ/Classes/Other-其它/A3User.h"; sourceTree = SOURCE_ROOT; };
		04B119441BE4E6F600B220BA /* A3User.m */ = {isa = PBXFileReference; fileEncoding = 4; lastKnownFileType = sourcecode.c.objc; name = A3User.m; path = "BSBDJ/Classes/Other-其它/A3User.m"; sourceTree = SOURCE_ROOT; };
		04B119461BE4E6FE00B220BA /* A3Comment.h */ = {isa = PBXFileReference; fileEncoding = 4; lastKnownFileType = sourcecode.c.h; name = A3Comment.h; path = "BSBDJ/Classes/Other-其它/A3Comment.h"; sourceTree = SOURCE_ROOT; };
		04B119471BE4E6FE00B220BA /* A3Comment.m */ = {isa = PBXFileReference; fileEncoding = 4; lastKnownFileType = sourcecode.c.objc; name = A3Comment.m; path = "BSBDJ/Classes/Other-其它/A3Comment.m"; sourceTree = SOURCE_ROOT; };
		04DAC2191BE0A0CA0056E786 /* BSBDJ.app */ = {isa = PBXFileReference; explicitFileType = wrapper.application; includeInIndex = 0; path = BSBDJ.app; sourceTree = BUILT_PRODUCTS_DIR; };
		04DAC2281BE0A0CA0056E786 /* Assets.xcassets */ = {isa = PBXFileReference; lastKnownFileType = folder.assetcatalog; path = Assets.xcassets; sourceTree = "<group>"; };
		04DAC22D1BE0A0CA0056E786 /* Info.plist */ = {isa = PBXFileReference; lastKnownFileType = text.plist.xml; path = Info.plist; sourceTree = "<group>"; };
		04DAC2321BE0A0CA0056E786 /* BSBDJTests.xctest */ = {isa = PBXFileReference; explicitFileType = wrapper.cfbundle; includeInIndex = 0; path = BSBDJTests.xctest; sourceTree = BUILT_PRODUCTS_DIR; };
		04DAC2361BE0A0CA0056E786 /* BSBDJTests.m */ = {isa = PBXFileReference; lastKnownFileType = sourcecode.c.objc; path = BSBDJTests.m; sourceTree = "<group>"; };
		04DAC2381BE0A0CA0056E786 /* Info.plist */ = {isa = PBXFileReference; lastKnownFileType = text.plist.xml; path = Info.plist; sourceTree = "<group>"; };
		04DAC23D1BE0A0CA0056E786 /* BSBDJUITests.xctest */ = {isa = PBXFileReference; explicitFileType = wrapper.cfbundle; includeInIndex = 0; path = BSBDJUITests.xctest; sourceTree = BUILT_PRODUCTS_DIR; };
		04DAC2411BE0A0CA0056E786 /* BSBDJUITests.m */ = {isa = PBXFileReference; lastKnownFileType = sourcecode.c.objc; path = BSBDJUITests.m; sourceTree = "<group>"; };
		04DAC2431BE0A0CA0056E786 /* Info.plist */ = {isa = PBXFileReference; lastKnownFileType = text.plist.xml; path = Info.plist; sourceTree = "<group>"; };
		04DAC2611BE0A3770056E786 /* AppDelegate.h */ = {isa = PBXFileReference; fileEncoding = 4; lastKnownFileType = sourcecode.c.h; name = AppDelegate.h; path = "Other-其它/AppDelegate.h"; sourceTree = "<group>"; };
		04DAC2621BE0A3770056E786 /* AppDelegate.m */ = {isa = PBXFileReference; fileEncoding = 4; lastKnownFileType = sourcecode.c.objc; name = AppDelegate.m; path = "Other-其它/AppDelegate.m"; sourceTree = "<group>"; };
		04DAC2641BE0A3770056E786 /* main.m */ = {isa = PBXFileReference; fileEncoding = 4; lastKnownFileType = sourcecode.c.objc; name = main.m; path = "Other-其它/main.m"; sourceTree = "<group>"; };
		04DAC2691BE0A5120056E786 /* A3TabBarController.h */ = {isa = PBXFileReference; fileEncoding = 4; lastKnownFileType = sourcecode.c.h; path = A3TabBarController.h; sourceTree = "<group>"; };
		04DAC26A1BE0A5120056E786 /* A3TabBarController.m */ = {isa = PBXFileReference; fileEncoding = 4; lastKnownFileType = sourcecode.c.objc; path = A3TabBarController.m; sourceTree = "<group>"; };
		04DAC26C1BE0A5FD0056E786 /* A3EssenceViewController.h */ = {isa = PBXFileReference; fileEncoding = 4; lastKnownFileType = sourcecode.c.h; path = A3EssenceViewController.h; sourceTree = "<group>"; };
		04DAC26D1BE0A5FD0056E786 /* A3EssenceViewController.m */ = {isa = PBXFileReference; fileEncoding = 4; lastKnownFileType = sourcecode.c.objc; path = A3EssenceViewController.m; sourceTree = "<group>"; };
		04DAC26F1BE0A6510056E786 /* A3FriendTrendsViewController.h */ = {isa = PBXFileReference; fileEncoding = 4; lastKnownFileType = sourcecode.c.h; path = A3FriendTrendsViewController.h; sourceTree = "<group>"; };
		04DAC2701BE0A6510056E786 /* A3FriendTrendsViewController.m */ = {isa = PBXFileReference; fileEncoding = 4; lastKnownFileType = sourcecode.c.objc; path = A3FriendTrendsViewController.m; sourceTree = "<group>"; };
		04DAC2721BE0A6670056E786 /* A3MeViewController.h */ = {isa = PBXFileReference; fileEncoding = 4; lastKnownFileType = sourcecode.c.h; path = A3MeViewController.h; sourceTree = "<group>"; };
		04DAC2731BE0A6670056E786 /* A3MeViewController.m */ = {isa = PBXFileReference; fileEncoding = 4; lastKnownFileType = sourcecode.c.objc; path = A3MeViewController.m; sourceTree = "<group>"; };
		04DAC2751BE0A6890056E786 /* A3NewViewController.h */ = {isa = PBXFileReference; fileEncoding = 4; lastKnownFileType = sourcecode.c.h; path = A3NewViewController.h; sourceTree = "<group>"; };
		04DAC2761BE0A6890056E786 /* A3NewViewController.m */ = {isa = PBXFileReference; fileEncoding = 4; lastKnownFileType = sourcecode.c.objc; path = A3NewViewController.m; sourceTree = "<group>"; };
		04DAC2781BE0B0D50056E786 /* PrefixHeader.pch */ = {isa = PBXFileReference; lastKnownFileType = sourcecode.c.h; name = PrefixHeader.pch; path = ../PrefixHeader.pch; sourceTree = "<group>"; };
		04DE49101BE306BA00BF0F85 /* UIView+A3Extension.h */ = {isa = PBXFileReference; fileEncoding = 4; lastKnownFileType = sourcecode.c.h; path = "UIView+A3Extension.h"; sourceTree = "<group>"; };
		04DE49111BE306BA00BF0F85 /* UIView+A3Extension.m */ = {isa = PBXFileReference; fileEncoding = 4; lastKnownFileType = sourcecode.c.objc; path = "UIView+A3Extension.m"; sourceTree = "<group>"; };
		04DE49131BE3105E00BF0F85 /* A3TitleButton.h */ = {isa = PBXFileReference; fileEncoding = 4; lastKnownFileType = sourcecode.c.h; name = A3TitleButton.h; path = "BSBDJ/Classes/Other-其它/A3TitleButton.h"; sourceTree = SOURCE_ROOT; };
		04DE49141BE3105E00BF0F85 /* A3TitleButton.m */ = {isa = PBXFileReference; fileEncoding = 4; lastKnownFileType = sourcecode.c.objc; name = A3TitleButton.m; path = "BSBDJ/Classes/Other-其它/A3TitleButton.m"; sourceTree = SOURCE_ROOT; };
		04DE49171BE31B2F00BF0F85 /* A3AllViewController.h */ = {isa = PBXFileReference; fileEncoding = 4; lastKnownFileType = sourcecode.c.h; path = A3AllViewController.h; sourceTree = "<group>"; };
		04DE49181BE31B2F00BF0F85 /* A3AllViewController.m */ = {isa = PBXFileReference; fileEncoding = 4; lastKnownFileType = sourcecode.c.objc; path = A3AllViewController.m; sourceTree = "<group>"; };
		04DE491A1BE31B3F00BF0F85 /* A3VideoViewController.h */ = {isa = PBXFileReference; fileEncoding = 4; lastKnownFileType = sourcecode.c.h; path = A3VideoViewController.h; sourceTree = "<group>"; };
		04DE491B1BE31B4000BF0F85 /* A3VideoViewController.m */ = {isa = PBXFileReference; fileEncoding = 4; lastKnownFileType = sourcecode.c.objc; path = A3VideoViewController.m; sourceTree = "<group>"; };
		04DE491D1BE31B4E00BF0F85 /* A3VoiceViewController.h */ = {isa = PBXFileReference; fileEncoding = 4; lastKnownFileType = sourcecode.c.h; path = A3VoiceViewController.h; sourceTree = "<group>"; };
		04DE491E1BE31B4E00BF0F85 /* A3VoiceViewController.m */ = {isa = PBXFileReference; fileEncoding = 4; lastKnownFileType = sourcecode.c.objc; path = A3VoiceViewController.m; sourceTree = "<group>"; };
		04DE49201BE31B6300BF0F85 /* A3PictureViewController.h */ = {isa = PBXFileReference; fileEncoding = 4; lastKnownFileType = sourcecode.c.h; path = A3PictureViewController.h; sourceTree = "<group>"; };
		04DE49211BE31B6300BF0F85 /* A3PictureViewController.m */ = {isa = PBXFileReference; fileEncoding = 4; lastKnownFileType = sourcecode.c.objc; path = A3PictureViewController.m; sourceTree = "<group>"; };
		04DE49231BE31B6E00BF0F85 /* A3WordViewController.h */ = {isa = PBXFileReference; fileEncoding = 4; lastKnownFileType = sourcecode.c.h; path = A3WordViewController.h; sourceTree = "<group>"; };
		04DE49241BE31B6E00BF0F85 /* A3WordViewController.m */ = {isa = PBXFileReference; fileEncoding = 4; lastKnownFileType = sourcecode.c.objc; path = A3WordViewController.m; sourceTree = "<group>"; };
		04DE49261BE3226700BF0F85 /* A3Const.h */ = {isa = PBXFileReference; fileEncoding = 4; lastKnownFileType = sourcecode.c.h; name = A3Const.h; path = "Other-其它/A3Const.h"; sourceTree = "<group>"; };
		04DE49271BE3226700BF0F85 /* A3Const.m */ = {isa = PBXFileReference; fileEncoding = 4; lastKnownFileType = sourcecode.c.objc; name = A3Const.m; path = "Other-其它/A3Const.m"; sourceTree = "<group>"; };
		04DE49291BE359F100BF0F85 /* A3Topic.h */ = {isa = PBXFileReference; fileEncoding = 4; lastKnownFileType = sourcecode.c.h; name = A3Topic.h; path = "BSBDJ/Classes/Other-其它/A3Topic.h"; sourceTree = SOURCE_ROOT; };
		04DE492A1BE359F100BF0F85 /* A3Topic.m */ = {isa = PBXFileReference; fileEncoding = 4; lastKnownFileType = sourcecode.c.objc; name = A3Topic.m; path = "BSBDJ/Classes/Other-其它/A3Topic.m"; sourceTree = SOURCE_ROOT; };
		04DE492C1BE35CA500BF0F85 /* A3TopicCell.h */ = {isa = PBXFileReference; fileEncoding = 4; lastKnownFileType = sourcecode.c.h; name = A3TopicCell.h; path = "BSBDJ/Classes/Other-其它/A3TopicCell.h"; sourceTree = SOURCE_ROOT; };
		04DE492D1BE35CA500BF0F85 /* A3TopicCell.m */ = {isa = PBXFileReference; fileEncoding = 4; lastKnownFileType = sourcecode.c.objc; name = A3TopicCell.m; path = "BSBDJ/Classes/Other-其它/A3TopicCell.m"; sourceTree = SOURCE_ROOT; };
		04DE492F1BE35D8300BF0F85 /* A3TopicCell.xib */ = {isa = PBXFileReference; fileEncoding = 4; lastKnownFileType = file.xib; name = A3TopicCell.xib; path = "BSBDJ/Classes/Other-其它/A3TopicCell.xib"; sourceTree = SOURCE_ROOT; };
		04DE49311BE3607400BF0F85 /* UIImage+A3Extension.h */ = {isa = PBXFileReference; fileEncoding = 4; lastKnownFileType = sourcecode.c.h; path = "UIImage+A3Extension.h"; sourceTree = "<group>"; };
		04DE49321BE3607400BF0F85 /* UIImage+A3Extension.m */ = {isa = PBXFileReference; fileEncoding = 4; lastKnownFileType = sourcecode.c.objc; path = "UIImage+A3Extension.m"; sourceTree = "<group>"; };
		04DE49341BE3632300BF0F85 /* UIImageView+A3Extension.h */ = {isa = PBXFileReference; fileEncoding = 4; lastKnownFileType = sourcecode.c.h; path = "UIImageView+A3Extension.h"; sourceTree = "<group>"; };
		04DE49351BE3632300BF0F85 /* UIImageView+A3Extension.m */ = {isa = PBXFileReference; fileEncoding = 4; lastKnownFileType = sourcecode.c.objc; path = "UIImageView+A3Extension.m"; sourceTree = "<group>"; };
		04DE49371BE36BB000BF0F85 /* A3HTTPSessionManager.h */ = {isa = PBXFileReference; fileEncoding = 4; lastKnownFileType = sourcecode.c.h; path = A3HTTPSessionManager.h; sourceTree = "<group>"; };
		04DE49381BE36BB000BF0F85 /* A3HTTPSessionManager.m */ = {isa = PBXFileReference; fileEncoding = 4; lastKnownFileType = sourcecode.c.objc; path = A3HTTPSessionManager.m; sourceTree = "<group>"; };
		04DE493A1BE3874F00BF0F85 /* NSDate+A3Extension.h */ = {isa = PBXFileReference; fileEncoding = 4; lastKnownFileType = sourcecode.c.h; path = "NSDate+A3Extension.h"; sourceTree = "<group>"; };
		04DE493B1BE3874F00BF0F85 /* NSDate+A3Extension.m */ = {isa = PBXFileReference; fileEncoding = 4; lastKnownFileType = sourcecode.c.objc; path = "NSDate+A3Extension.m"; sourceTree = "<group>"; };
		274C34ED3A27DA25D146A6B7 /* Pods.debug.xcconfig */ = {isa = PBXFileReference; includeInIndex = 1; lastKnownFileType = text.xcconfig; name = Pods.debug.xcconfig; path = "Pods/Target Support Files/Pods/Pods.debug.xcconfig"; sourceTree = "<group>"; };
		31E90EC749C11914B1CD681B /* Pods.release.xcconfig */ = {isa = PBXFileReference; includeInIndex = 1; lastKnownFileType = text.xcconfig; name = Pods.release.xcconfig; path = "Pods/Target Support Files/Pods/Pods.release.xcconfig"; sourceTree = "<group>"; };
		95DE1326DEF52195771024E0 /* libPods.a */ = {isa = PBXFileReference; explicitFileType = archive.ar; includeInIndex = 0; path = libPods.a; sourceTree = BUILT_PRODUCTS_DIR; };
/* End PBXFileReference section */

/* Begin PBXFrameworksBuildPhase section */
		04DAC2161BE0A0CA0056E786 /* Frameworks */ = {
			isa = PBXFrameworksBuildPhase;
			buildActionMask = 2147483647;
			files = (
				60BDF6FFCFA937FF5C8AB625 /* libPods.a in Frameworks */,
			);
			runOnlyForDeploymentPostprocessing = 0;
		};
		04DAC22F1BE0A0CA0056E786 /* Frameworks */ = {
			isa = PBXFrameworksBuildPhase;
			buildActionMask = 2147483647;
			files = (
			);
			runOnlyForDeploymentPostprocessing = 0;
		};
		04DAC23A1BE0A0CA0056E786 /* Frameworks */ = {
			isa = PBXFrameworksBuildPhase;
			buildActionMask = 2147483647;
			files = (
			);
			runOnlyForDeploymentPostprocessing = 0;
		};
/* End PBXFrameworksBuildPhase section */

/* Begin PBXGroup section */
		0401594D1BE5E017009142F8 /* Topic */ = {
			isa = PBXGroup;
			children = (
				043401B01BEA232600F9471D /* A3TopiCenterView.h */,
				043401B11BEA232600F9471D /* A3TopiCenterView.m */,
				043401A61BEA11B300F9471D /* A3TopicVoiceView.h */,
				043401A71BEA11B300F9471D /* A3TopicVoiceView.m */,
				043401A81BEA11B300F9471D /* A3TopicVoiceView.xib */,
				043401AB1BEA120D00F9471D /* A3TopicVideoView.h */,
				043401AC1BEA120D00F9471D /* A3TopicVideoView.m */,
				043401AD1BEA120D00F9471D /* A3TopicVideoView.xib */,
				0401594E1BE5E057009142F8 /* A3TopicPictureView.h */,
				0401594F1BE5E057009142F8 /* A3TopicPictureView.m */,
				040159511BE5E07B009142F8 /* A3TopicPictureView.xib */,
				04DE492C1BE35CA500BF0F85 /* A3TopicCell.h */,
				04DE492D1BE35CA500BF0F85 /* A3TopicCell.m */,
				04DE492F1BE35D8300BF0F85 /* A3TopicCell.xib */,
			);
			name = Topic;
			sourceTree = "<group>";
		};
		0463583D1BE0E7CC002264DE /* Category */ = {
			isa = PBXGroup;
			children = (
				0463583A1BE0E79C002264DE /* UIBarButtonItem+A3Extension.h */,
				0463583B1BE0E79C002264DE /* UIBarButtonItem+A3Extension.m */,
				04DE49101BE306BA00BF0F85 /* UIView+A3Extension.h */,
				04DE49111BE306BA00BF0F85 /* UIView+A3Extension.m */,
				04DE49311BE3607400BF0F85 /* UIImage+A3Extension.h */,
				04DE49321BE3607400BF0F85 /* UIImage+A3Extension.m */,
				04DE49341BE3632300BF0F85 /* UIImageView+A3Extension.h */,
				04DE49351BE3632300BF0F85 /* UIImageView+A3Extension.m */,
				04DE493A1BE3874F00BF0F85 /* NSDate+A3Extension.h */,
				04DE493B1BE3874F00BF0F85 /* NSDate+A3Extension.m */,
				04363C1B1BECA593009C6AC6 /* UITextField+A3Extension.h */,
				04363C1C1BECA593009C6AC6 /* UITextField+A3Extension.m */,
				0422D4761BEF2BAE003A5F24 /* NSString+A3Extension.h */,
				0422D4771BEF2BAE003A5F24 /* NSString+A3Extension.m */,
			);
			name = Category;
			sourceTree = "<group>";
		};
		04DAC2101BE0A0C90056E786 = {
			isa = PBXGroup;
			children = (
				04DAC21B1BE0A0CA0056E786 /* BSBDJ */,
				04DAC2351BE0A0CA0056E786 /* BSBDJTests */,
				04DAC2401BE0A0CA0056E786 /* BSBDJUITests */,
				04DAC21A1BE0A0CA0056E786 /* Products */,
				F8F43EADE5A9158DE040BA4C /* Pods */,
				4EA34FB74784397B5A2A9ADC /* Frameworks */,
			);
			sourceTree = "<group>";
		};
		04DAC21A1BE0A0CA0056E786 /* Products */ = {
			isa = PBXGroup;
			children = (
				04DAC2191BE0A0CA0056E786 /* BSBDJ.app */,
				04DAC2321BE0A0CA0056E786 /* BSBDJTests.xctest */,
				04DAC23D1BE0A0CA0056E786 /* BSBDJUITests.xctest */,
			);
			name = Products;
			sourceTree = "<group>";
		};
		04DAC21B1BE0A0CA0056E786 /* BSBDJ */ = {
			isa = PBXGroup;
			children = (
				04DAC24F1BE0A3770056E786 /* Classes */,
				04DAC21C1BE0A0CA0056E786 /* Supporting Files */,
			);
			path = BSBDJ;
			sourceTree = "<group>";
		};
		04DAC21C1BE0A0CA0056E786 /* Supporting Files */ = {
			isa = PBXGroup;
			children = (
				04DAC2281BE0A0CA0056E786 /* Assets.xcassets */,
				04DAC22D1BE0A0CA0056E786 /* Info.plist */,
			);
			name = "Supporting Files";
			sourceTree = "<group>";
		};
		04DAC2351BE0A0CA0056E786 /* BSBDJTests */ = {
			isa = PBXGroup;
			children = (
				04DAC2361BE0A0CA0056E786 /* BSBDJTests.m */,
				04DAC2381BE0A0CA0056E786 /* Info.plist */,
			);
			path = BSBDJTests;
			sourceTree = "<group>";
		};
		04DAC2401BE0A0CA0056E786 /* BSBDJUITests */ = {
			isa = PBXGroup;
			children = (
				04DAC2411BE0A0CA0056E786 /* BSBDJUITests.m */,
				04DAC2431BE0A0CA0056E786 /* Info.plist */,
			);
			path = BSBDJUITests;
			sourceTree = "<group>";
		};
		04DAC24F1BE0A3770056E786 /* Classes */ = {
			isa = PBXGroup;
			children = (
				04DAC2501BE0A3770056E786 /* Essence-精华 */,
				04DAC25C1BE0A3770056E786 /* New-新贴 */,
				04DAC2541BE0A3770056E786 /* FriendTrends-关注 */,
				04DAC2581BE0A3770056E786 /* Me-我 */,
				04DAC2601BE0A3770056E786 /* Other-其它 */,
				04DAC2611BE0A3770056E786 /* AppDelegate.h */,
				04DAC2621BE0A3770056E786 /* AppDelegate.m */,
				04DAC2641BE0A3770056E786 /* main.m */,
				04DE49261BE3226700BF0F85 /* A3Const.h */,
				04DE49271BE3226700BF0F85 /* A3Const.m */,
				04DE49371BE36BB000BF0F85 /* A3HTTPSessionManager.h */,
				04DE49381BE36BB000BF0F85 /* A3HTTPSessionManager.m */,
				04DAC2781BE0B0D50056E786 /* PrefixHeader.pch */,
			);
			path = Classes;
			sourceTree = "<group>";
		};
		04DAC2501BE0A3770056E786 /* Essence-精华 */ = {
			isa = PBXGroup;
			children = (
				04DAC2511BE0A3770056E786 /* Controller */,
				04DAC2521BE0A3770056E786 /* Model */,
				04DAC2531BE0A3770056E786 /* View */,
			);
			path = "Essence-精华";
			sourceTree = "<group>";
		};
		04DAC2511BE0A3770056E786 /* Controller */ = {
			isa = PBXGroup;
			children = (
				04DE49161BE3128F00BF0F85 /* Topic */,
				04DAC26C1BE0A5FD0056E786 /* A3EssenceViewController.h */,
				04DAC26D1BE0A5FD0056E786 /* A3EssenceViewController.m */,
				04168E661BE8D584001B6B5E /* A3SeeBigViewController.h */,
				04168E671BE8D584001B6B5E /* A3SeeBigViewController.m */,
				04168E681BE8D584001B6B5E /* A3SeeBigViewController.xib */,
				046FB0711BEB97320083C4AA /* A3RecommendTagViewController.h */,
				046FB0721BEB97320083C4AA /* A3RecommendTagViewController.m */,
			);
			path = Controller;
			sourceTree = "<group>";
		};
		04DAC2521BE0A3770056E786 /* Model */ = {
			isa = PBXGroup;
			children = (
				04DE49291BE359F100BF0F85 /* A3Topic.h */,
				04DE492A1BE359F100BF0F85 /* A3Topic.m */,
				04B119431BE4E6F600B220BA /* A3User.h */,
				04B119441BE4E6F600B220BA /* A3User.m */,
				04B119461BE4E6FE00B220BA /* A3Comment.h */,
				04B119471BE4E6FE00B220BA /* A3Comment.m */,
				046FB06E1BEB91210083C4AA /* A3RecommendTag.h */,
				046FB06F1BEB91210083C4AA /* A3RecommendTag.m */,
			);
			path = Model;
			sourceTree = "<group>";
		};
		04DAC2531BE0A3770056E786 /* View */ = {
			isa = PBXGroup;
			children = (
				0401594D1BE5E017009142F8 /* Topic */,
				04DE49131BE3105E00BF0F85 /* A3TitleButton.h */,
				04DE49141BE3105E00BF0F85 /* A3TitleButton.m */,
				046FB0691BEB90CA0083C4AA /* A3RecommendTagCell.h */,
				046FB06A1BEB90CA0083C4AA /* A3RecommendTagCell.m */,
				046FB06B1BEB90CA0083C4AA /* A3RecommendTagCell.xib */,
			);
			path = View;
			sourceTree = "<group>";
		};
		04DAC2541BE0A3770056E786 /* FriendTrends-关注 */ = {
			isa = PBXGroup;
			children = (
				04DAC2551BE0A3770056E786 /* Controller */,
				04DAC2561BE0A3770056E786 /* Model */,
				04DAC2571BE0A3770056E786 /* View */,
			);
			path = "FriendTrends-关注";
			sourceTree = "<group>";
		};
		04DAC2551BE0A3770056E786 /* Controller */ = {
			isa = PBXGroup;
			children = (
				04DAC26F1BE0A6510056E786 /* A3FriendTrendsViewController.h */,
				04DAC2701BE0A6510056E786 /* A3FriendTrendsViewController.m */,
				04363C0D1BEC9103009C6AC6 /* A3FriendTrendsViewController.storyboard */,
				04363C0F1BEC91DC009C6AC6 /* A3LoginRegisterViewController.h */,
				04363C101BEC91DC009C6AC6 /* A3LoginRegisterViewController.m */,
				04A739761BEDD0D00027A6EA /* A3RecommendFollowViewController.h */,
				04A739771BEDD0D00027A6EA /* A3RecommendFollowViewController.m */,
			);
			path = Controller;
			sourceTree = "<group>";
		};
		04DAC2561BE0A3770056E786 /* Model */ = {
			isa = PBXGroup;
			children = (
				04A739791BEDFB870027A6EA /* A3RecommendCategory.h */,
				04A7397A1BEDFB870027A6EA /* A3RecommendCategory.m */,
				04A7397F1BEE046A0027A6EA /* A3RecommendUser.h */,
				04A739801BEE046A0027A6EA /* A3RecommendUser.m */,
			);
			path = Model;
			sourceTree = "<group>";
		};
		04DAC2571BE0A3770056E786 /* View */ = {
			isa = PBXGroup;
			children = (
				04363C151BECA303009C6AC6 /* A3QuickLoginButton.h */,
				04363C161BECA303009C6AC6 /* A3QuickLoginButton.m */,
				04363C181BECA327009C6AC6 /* A3LoginRegisterTextField.h */,
				04363C191BECA327009C6AC6 /* A3LoginRegisterTextField.m */,
				04A7397C1BEDFC450027A6EA /* A3RecommendCategoryCell.h */,
				04A7397D1BEDFC450027A6EA /* A3RecommendCategoryCell.m */,
				04A739821BEE04A80027A6EA /* A3RecommenduserCell.h */,
				04A739831BEE04A80027A6EA /* A3RecommenduserCell.m */,
			);
			path = View;
			sourceTree = "<group>";
		};
		04DAC2581BE0A3770056E786 /* Me-我 */ = {
			isa = PBXGroup;
			children = (
				04DAC2591BE0A3770056E786 /* Controller */,
				04DAC25A1BE0A3770056E786 /* Model */,
				04DAC25B1BE0A3770056E786 /* View */,
			);
			path = "Me-我";
			sourceTree = "<group>";
		};
		04DAC2591BE0A3770056E786 /* Controller */ = {
			isa = PBXGroup;
			children = (
				04DAC2721BE0A6670056E786 /* A3MeViewController.h */,
				04DAC2731BE0A6670056E786 /* A3MeViewController.m */,
				0422D4621BEF1F6F003A5F24 /* A3SettingViewController.h */,
				0422D4631BEF1F6F003A5F24 /* A3SettingViewController.m */,
				0422D46E1BEF23C4003A5F24 /* A3WebViewController.h */,
				0422D46F1BEF23C4003A5F24 /* A3WebViewController.m */,
				0422D4711BEF240C003A5F24 /* A3WebViewController.xib */,
			);
			path = Controller;
			sourceTree = "<group>";
		};
		04DAC25A1BE0A3770056E786 /* Model */ = {
			isa = PBXGroup;
			children = (
				0422D4681BEF214E003A5F24 /* A3MeSquare.h */,
				0422D4691BEF214E003A5F24 /* A3MeSquare.m */,
			);
			path = Model;
			sourceTree = "<group>";
		};
		04DAC25B1BE0A3770056E786 /* View */ = {
			isa = PBXGroup;
			children = (
				0422D45F1BEF1AB5003A5F24 /* A3MeCell.h */,
				0422D4601BEF1AB5003A5F24 /* A3MeCell.m */,
				0422D4651BEF20F1003A5F24 /* A3MeFooter.h */,
				0422D4661BEF20F1003A5F24 /* A3MeFooter.m */,
				0422D46B1BEF2190003A5F24 /* A3MeSquareButton.h */,
				0422D46C1BEF2190003A5F24 /* A3MeSquareButton.m */,
				0422D4731BEF29FA003A5F24 /* A3ClearCacheCell.h */,
				0422D4741BEF29FA003A5F24 /* A3ClearCacheCell.m */,
				0422D4791BEF3328003A5F24 /* A3SettingCell.h */,
				0422D47A1BEF3328003A5F24 /* A3SettingCell.m */,
				0422D47F1BEF528C003A5F24 /* A3OtherCell.h */,
				0422D4801BEF528C003A5F24 /* A3OtherCell.m */,
				0422D4821BEF52B6003A5F24 /* A3OtherCell.xib */,
			);
			path = View;
			sourceTree = "<group>";
		};
		04DAC25C1BE0A3770056E786 /* New-新贴 */ = {
			isa = PBXGroup;
			children = (
				04DAC25D1BE0A3770056E786 /* Controller */,
				04DAC25E1BE0A3770056E786 /* Model */,
				04DAC25F1BE0A3770056E786 /* View */,
			);
			path = "New-新贴";
			sourceTree = "<group>";
		};
		04DAC25D1BE0A3770056E786 /* Controller */ = {
			isa = PBXGroup;
			children = (
				04DAC2751BE0A6890056E786 /* A3NewViewController.h */,
				04DAC2761BE0A6890056E786 /* A3NewViewController.m */,
			);
			path = Controller;
			sourceTree = "<group>";
		};
		04DAC25E1BE0A3770056E786 /* Model */ = {
			isa = PBXGroup;
			children = (
			);
			path = Model;
			sourceTree = "<group>";
		};
		04DAC25F1BE0A3770056E786 /* View */ = {
			isa = PBXGroup;
			children = (
			);
			path = View;
			sourceTree = "<group>";
		};
		04DAC2601BE0A3770056E786 /* Other-其它 */ = {
			isa = PBXGroup;
			children = (
				0463583D1BE0E7CC002264DE /* Category */,
				04DAC2631BE0A3770056E786 /* Controller */,
				04DAC2651BE0A3770056E786 /* Model */,
				04DAC2661BE0A3770056E786 /* View */,
			);
			path = "Other-其它";
			sourceTree = "<group>";
		};
		04DAC2631BE0A3770056E786 /* Controller */ = {
			isa = PBXGroup;
			children = (
				04DAC2691BE0A5120056E786 /* A3TabBarController.h */,
				04DAC26A1BE0A5120056E786 /* A3TabBarController.m */,
				041957791BEBA84300B6AFD3 /* A3NavigationController.h */,
				0419577A1BEBA84300B6AFD3 /* A3NavigationController.m */,
				0422D47C1BEF35CD003A5F24 /* A3StatusBarViewController.h */,
				0422D47D1BEF35CD003A5F24 /* A3StatusBarViewController.m */,
			);
			path = Controller;
			sourceTree = "<group>";
		};
		04DAC2651BE0A3770056E786 /* Model */ = {
			isa = PBXGroup;
			children = (
			);
			path = Model;
			sourceTree = "<group>";
		};
		04DAC2661BE0A3770056E786 /* View */ = {
			isa = PBXGroup;
			children = (
				044926BB1BE0EC980092B75F /* A3TabBar.h */,
				044926BC1BE0EC980092B75F /* A3TabBar.m */,
			);
			path = View;
			sourceTree = "<group>";
		};
		04DE49161BE3128F00BF0F85 /* Topic */ = {
			isa = PBXGroup;
			children = (
				043401B31BEA291800F9471D /* A3TopicViewController.h */,
				043401B41BEA291800F9471D /* A3TopicViewController.m */,
				04DE49171BE31B2F00BF0F85 /* A3AllViewController.h */,
				04DE49181BE31B2F00BF0F85 /* A3AllViewController.m */,
				04DE491A1BE31B3F00BF0F85 /* A3VideoViewController.h */,
				04DE491B1BE31B4000BF0F85 /* A3VideoViewController.m */,
				04DE491D1BE31B4E00BF0F85 /* A3VoiceViewController.h */,
				04DE491E1BE31B4E00BF0F85 /* A3VoiceViewController.m */,
				04DE49201BE31B6300BF0F85 /* A3PictureViewController.h */,
				04DE49211BE31B6300BF0F85 /* A3PictureViewController.m */,
				04DE49231BE31B6E00BF0F85 /* A3WordViewController.h */,
				04DE49241BE31B6E00BF0F85 /* A3WordViewController.m */,
			);
			name = Topic;
			sourceTree = "<group>";
		};
		4EA34FB74784397B5A2A9ADC /* Frameworks */ = {
			isa = PBXGroup;
			children = (
				95DE1326DEF52195771024E0 /* libPods.a */,
			);
			name = Frameworks;
			sourceTree = "<group>";
		};
		F8F43EADE5A9158DE040BA4C /* Pods */ = {
			isa = PBXGroup;
			children = (
				274C34ED3A27DA25D146A6B7 /* Pods.debug.xcconfig */,
				31E90EC749C11914B1CD681B /* Pods.release.xcconfig */,
			);
			name = Pods;
			sourceTree = "<group>";
		};
/* End PBXGroup section */

/* Begin PBXNativeTarget section */
		04DAC2181BE0A0CA0056E786 /* BSBDJ */ = {
			isa = PBXNativeTarget;
			buildConfigurationList = 04DAC2461BE0A0CA0056E786 /* Build configuration list for PBXNativeTarget "BSBDJ" */;
			buildPhases = (
				8753E473499BEFC7DC905698 /* Check Pods Manifest.lock */,
				04DAC2151BE0A0CA0056E786 /* Sources */,
				04DAC2161BE0A0CA0056E786 /* Frameworks */,
				04DAC2171BE0A0CA0056E786 /* Resources */,
				8DA70E0735C6EF29472F2864 /* Embed Pods Frameworks */,
				8CC0CDBF7C296A867B5B60C5 /* Copy Pods Resources */,
			);
			buildRules = (
			);
			dependencies = (
			);
			name = BSBDJ;
			productName = BSBDJ;
			productReference = 04DAC2191BE0A0CA0056E786 /* BSBDJ.app */;
			productType = "com.apple.product-type.application";
		};
		04DAC2311BE0A0CA0056E786 /* BSBDJTests */ = {
			isa = PBXNativeTarget;
			buildConfigurationList = 04DAC2491BE0A0CA0056E786 /* Build configuration list for PBXNativeTarget "BSBDJTests" */;
			buildPhases = (
				04DAC22E1BE0A0CA0056E786 /* Sources */,
				04DAC22F1BE0A0CA0056E786 /* Frameworks */,
				04DAC2301BE0A0CA0056E786 /* Resources */,
			);
			buildRules = (
			);
			dependencies = (
				04DAC2341BE0A0CA0056E786 /* PBXTargetDependency */,
			);
			name = BSBDJTests;
			productName = BSBDJTests;
			productReference = 04DAC2321BE0A0CA0056E786 /* BSBDJTests.xctest */;
			productType = "com.apple.product-type.bundle.unit-test";
		};
		04DAC23C1BE0A0CA0056E786 /* BSBDJUITests */ = {
			isa = PBXNativeTarget;
			buildConfigurationList = 04DAC24C1BE0A0CA0056E786 /* Build configuration list for PBXNativeTarget "BSBDJUITests" */;
			buildPhases = (
				04DAC2391BE0A0CA0056E786 /* Sources */,
				04DAC23A1BE0A0CA0056E786 /* Frameworks */,
				04DAC23B1BE0A0CA0056E786 /* Resources */,
			);
			buildRules = (
			);
			dependencies = (
				04DAC23F1BE0A0CA0056E786 /* PBXTargetDependency */,
			);
			name = BSBDJUITests;
			productName = BSBDJUITests;
			productReference = 04DAC23D1BE0A0CA0056E786 /* BSBDJUITests.xctest */;
			productType = "com.apple.product-type.bundle.ui-testing";
		};
/* End PBXNativeTarget section */

/* Begin PBXProject section */
		04DAC2111BE0A0C90056E786 /* Project object */ = {
			isa = PBXProject;
			attributes = {
				CLASSPREFIX = A3;
				LastUpgradeCheck = 0710;
				ORGANIZATIONNAME = mac;
				TargetAttributes = {
					04DAC2181BE0A0CA0056E786 = {
						CreatedOnToolsVersion = 7.1;
					};
					04DAC2311BE0A0CA0056E786 = {
						CreatedOnToolsVersion = 7.1;
						DevelopmentTeam = 5M6YDYCJ9V;
						TestTargetID = 04DAC2181BE0A0CA0056E786;
					};
					04DAC23C1BE0A0CA0056E786 = {
						CreatedOnToolsVersion = 7.1;
						DevelopmentTeam = 5M6YDYCJ9V;
						TestTargetID = 04DAC2181BE0A0CA0056E786;
					};
				};
			};
			buildConfigurationList = 04DAC2141BE0A0C90056E786 /* Build configuration list for PBXProject "BSBDJ" */;
			compatibilityVersion = "Xcode 3.2";
			developmentRegion = English;
			hasScannedForEncodings = 0;
			knownRegions = (
				en,
				Base,
			);
			mainGroup = 04DAC2101BE0A0C90056E786;
			productRefGroup = 04DAC21A1BE0A0CA0056E786 /* Products */;
			projectDirPath = "";
			projectRoot = "";
			targets = (
				04DAC2181BE0A0CA0056E786 /* BSBDJ */,
				04DAC2311BE0A0CA0056E786 /* BSBDJTests */,
				04DAC23C1BE0A0CA0056E786 /* BSBDJUITests */,
			);
		};
/* End PBXProject section */

/* Begin PBXResourcesBuildPhase section */
		04DAC2171BE0A0CA0056E786 /* Resources */ = {
			isa = PBXResourcesBuildPhase;
			buildActionMask = 2147483647;
			files = (
				043401AF1BEA120D00F9471D /* A3TopicVideoView.xib in Resources */,
				04363C0E1BEC9103009C6AC6 /* A3FriendTrendsViewController.storyboard in Resources */,
				04DAC2291BE0A0CA0056E786 /* Assets.xcassets in Resources */,
				0422D4851BEF7340003A5F24 /* A3WebViewController.xib in Resources */,
				04168E6A1BE8D584001B6B5E /* A3SeeBigViewController.xib in Resources */,
				0422D4831BEF52B6003A5F24 /* A3OtherCell.xib in Resources */,
				043401AA1BEA11B300F9471D /* A3TopicVoiceView.xib in Resources */,
				04DE49301BE35D8300BF0F85 /* A3TopicCell.xib in Resources */,
				040159521BE5E07B009142F8 /* A3TopicPictureView.xib in Resources */,
				046FB06D1BEB90CA0083C4AA /* A3RecommendTagCell.xib in Resources */,
			);
			runOnlyForDeploymentPostprocessing = 0;
		};
		04DAC2301BE0A0CA0056E786 /* Resources */ = {
			isa = PBXResourcesBuildPhase;
			buildActionMask = 2147483647;
			files = (
			);
			runOnlyForDeploymentPostprocessing = 0;
		};
		04DAC23B1BE0A0CA0056E786 /* Resources */ = {
			isa = PBXResourcesBuildPhase;
			buildActionMask = 2147483647;
			files = (
			);
			runOnlyForDeploymentPostprocessing = 0;
		};
/* End PBXResourcesBuildPhase section */

/* Begin PBXShellScriptBuildPhase section */
		8753E473499BEFC7DC905698 /* Check Pods Manifest.lock */ = {
			isa = PBXShellScriptBuildPhase;
			buildActionMask = 2147483647;
			files = (
			);
			inputPaths = (
			);
			name = "Check Pods Manifest.lock";
			outputPaths = (
			);
			runOnlyForDeploymentPostprocessing = 0;
			shellPath = /bin/sh;
			shellScript = "diff \"${PODS_ROOT}/../Podfile.lock\" \"${PODS_ROOT}/Manifest.lock\" > /dev/null\nif [[ $? != 0 ]] ; then\n    cat << EOM\nerror: The sandbox is not in sync with the Podfile.lock. Run 'pod install' or update your CocoaPods installation.\nEOM\n    exit 1\nfi\n";
			showEnvVarsInLog = 0;
		};
		8CC0CDBF7C296A867B5B60C5 /* Copy Pods Resources */ = {
			isa = PBXShellScriptBuildPhase;
			buildActionMask = 2147483647;
			files = (
			);
			inputPaths = (
			);
			name = "Copy Pods Resources";
			outputPaths = (
			);
			runOnlyForDeploymentPostprocessing = 0;
			shellPath = /bin/sh;
			shellScript = "\"${SRCROOT}/Pods/Target Support Files/Pods/Pods-resources.sh\"\n";
			showEnvVarsInLog = 0;
		};
		8DA70E0735C6EF29472F2864 /* Embed Pods Frameworks */ = {
			isa = PBXShellScriptBuildPhase;
			buildActionMask = 2147483647;
			files = (
			);
			inputPaths = (
			);
			name = "Embed Pods Frameworks";
			outputPaths = (
			);
			runOnlyForDeploymentPostprocessing = 0;
			shellPath = /bin/sh;
			shellScript = "\"${SRCROOT}/Pods/Target Support Files/Pods/Pods-frameworks.sh\"\n";
			showEnvVarsInLog = 0;
		};
/* End PBXShellScriptBuildPhase section */

/* Begin PBXSourcesBuildPhase section */
		04DAC2151BE0A0CA0056E786 /* Sources */ = {
			isa = PBXSourcesBuildPhase;
			buildActionMask = 2147483647;
			files = (
				04DE49251BE31B6E00BF0F85 /* A3WordViewController.m in Sources */,
				0419577B1BEBA84300B6AFD3 /* A3NavigationController.m in Sources */,
				04DE49121BE306BA00BF0F85 /* UIView+A3Extension.m in Sources */,
				04168E691BE8D584001B6B5E /* A3SeeBigViewController.m in Sources */,
				04DE493C1BE3874F00BF0F85 /* NSDate+A3Extension.m in Sources */,
				0422D4701BEF23C4003A5F24 /* A3WebViewController.m in Sources */,
				04DE49391BE36BB000BF0F85 /* A3HTTPSessionManager.m in Sources */,
				04DAC2681BE0A3770056E786 /* main.m in Sources */,
				043401AE1BEA120D00F9471D /* A3TopicVideoView.m in Sources */,
				043401B21BEA232600F9471D /* A3TopiCenterView.m in Sources */,
				04363C1A1BECA327009C6AC6 /* A3LoginRegisterTextField.m in Sources */,
				044926BD1BE0EC980092B75F /* A3TabBar.m in Sources */,
				0422D47B1BEF3328003A5F24 /* A3SettingCell.m in Sources */,
				04B119481BE4E6FE00B220BA /* A3Comment.m in Sources */,
				0422D4811BEF528C003A5F24 /* A3OtherCell.m in Sources */,
				0422D4671BEF20F1003A5F24 /* A3MeFooter.m in Sources */,
				0422D46A1BEF214E003A5F24 /* A3MeSquare.m in Sources */,
				040159501BE5E057009142F8 /* A3TopicPictureView.m in Sources */,
				04DE49361BE3632300BF0F85 /* UIImageView+A3Extension.m in Sources */,
				04DAC26E1BE0A5FD0056E786 /* A3EssenceViewController.m in Sources */,
				04DE491C1BE31B4000BF0F85 /* A3VideoViewController.m in Sources */,
				04A7397E1BEDFC450027A6EA /* A3RecommendCategoryCell.m in Sources */,
				04DE49281BE3226700BF0F85 /* A3Const.m in Sources */,
				04DE492B1BE359F100BF0F85 /* A3Topic.m in Sources */,
				04DE49191BE31B2F00BF0F85 /* A3AllViewController.m in Sources */,
				0422D4751BEF29FA003A5F24 /* A3ClearCacheCell.m in Sources */,
				04A7397B1BEDFB870027A6EA /* A3RecommendCategory.m in Sources */,
				04A739811BEE046A0027A6EA /* A3RecommendUser.m in Sources */,
				0463583C1BE0E79C002264DE /* UIBarButtonItem+A3Extension.m in Sources */,
				04A739781BEDD0D00027A6EA /* A3RecommendFollowViewController.m in Sources */,
				046FB0731BEB97320083C4AA /* A3RecommendTagViewController.m in Sources */,
				04DE491F1BE31B4E00BF0F85 /* A3VoiceViewController.m in Sources */,
				04DAC26B1BE0A5120056E786 /* A3TabBarController.m in Sources */,
				04DAC2671BE0A3770056E786 /* AppDelegate.m in Sources */,
				04DAC2741BE0A6670056E786 /* A3MeViewController.m in Sources */,
				04DE49151BE3105E00BF0F85 /* A3TitleButton.m in Sources */,
				0422D47E1BEF35CD003A5F24 /* A3StatusBarViewController.m in Sources */,
				043401B51BEA291800F9471D /* A3TopicViewController.m in Sources */,
				043401A91BEA11B300F9471D /* A3TopicVoiceView.m in Sources */,
				046FB06C1BEB90CA0083C4AA /* A3RecommendTagCell.m in Sources */,
				04DE492E1BE35CA500BF0F85 /* A3TopicCell.m in Sources */,
				04DAC2771BE0A6890056E786 /* A3NewViewController.m in Sources */,
				0422D4841BEF67D0003A5F24 /* A3MeCell.m in Sources */,
				04363C171BECA303009C6AC6 /* A3QuickLoginButton.m in Sources */,
				04DE49331BE3607400BF0F85 /* UIImage+A3Extension.m in Sources */,
				04363C111BEC91DC009C6AC6 /* A3LoginRegisterViewController.m in Sources */,
				04DE49221BE31B6300BF0F85 /* A3PictureViewController.m in Sources */,
				046FB0701BEB91210083C4AA /* A3RecommendTag.m in Sources */,
				0422D4781BEF2BAE003A5F24 /* NSString+A3Extension.m in Sources */,
				04B119451BE4E6F600B220BA /* A3User.m in Sources */,
				04A739841BEE04A80027A6EA /* A3RecommenduserCell.m in Sources */,
				04DAC2711BE0A6510056E786 /* A3FriendTrendsViewController.m in Sources */,
				04363C1D1BECA593009C6AC6 /* UITextField+A3Extension.m in Sources */,
				0422D4641BEF1F6F003A5F24 /* A3SettingViewController.m in Sources */,
				0422D46D1BEF2190003A5F24 /* A3MeSquareButton.m in Sources */,
			);
			runOnlyForDeploymentPostprocessing = 0;
		};
		04DAC22E1BE0A0CA0056E786 /* Sources */ = {
			isa = PBXSourcesBuildPhase;
			buildActionMask = 2147483647;
			files = (
				04DAC2371BE0A0CA0056E786 /* BSBDJTests.m in Sources */,
			);
			runOnlyForDeploymentPostprocessing = 0;
		};
		04DAC2391BE0A0CA0056E786 /* Sources */ = {
			isa = PBXSourcesBuildPhase;
			buildActionMask = 2147483647;
			files = (
				04DAC2421BE0A0CA0056E786 /* BSBDJUITests.m in Sources */,
			);
			runOnlyForDeploymentPostprocessing = 0;
		};
/* End PBXSourcesBuildPhase section */

/* Begin PBXTargetDependency section */
		04DAC2341BE0A0CA0056E786 /* PBXTargetDependency */ = {
			isa = PBXTargetDependency;
			target = 04DAC2181BE0A0CA0056E786 /* BSBDJ */;
			targetProxy = 04DAC2331BE0A0CA0056E786 /* PBXContainerItemProxy */;
		};
		04DAC23F1BE0A0CA0056E786 /* PBXTargetDependency */ = {
			isa = PBXTargetDependency;
			target = 04DAC2181BE0A0CA0056E786 /* BSBDJ */;
			targetProxy = 04DAC23E1BE0A0CA0056E786 /* PBXContainerItemProxy */;
		};
/* End PBXTargetDependency section */

/* Begin XCBuildConfiguration section */
		04DAC2441BE0A0CA0056E786 /* Debug */ = {
			isa = XCBuildConfiguration;
			buildSettings = {
				ALWAYS_SEARCH_USER_PATHS = NO;
				CLANG_CXX_LANGUAGE_STANDARD = "gnu++0x";
				CLANG_CXX_LIBRARY = "libc++";
				CLANG_ENABLE_MODULES = YES;
				CLANG_ENABLE_OBJC_ARC = YES;
				CLANG_WARN_BOOL_CONVERSION = YES;
				CLANG_WARN_CONSTANT_CONVERSION = YES;
				CLANG_WARN_DIRECT_OBJC_ISA_USAGE = YES_ERROR;
				CLANG_WARN_EMPTY_BODY = YES;
				CLANG_WARN_ENUM_CONVERSION = YES;
				CLANG_WARN_INT_CONVERSION = YES;
				CLANG_WARN_OBJC_ROOT_CLASS = YES_ERROR;
				CLANG_WARN_UNREACHABLE_CODE = YES;
				CLANG_WARN__DUPLICATE_METHOD_MATCH = YES;
				"CODE_SIGN_IDENTITY[sdk=iphoneos*]" = "iPhone Developer";
				COPY_PHASE_STRIP = NO;
				DEBUG_INFORMATION_FORMAT = dwarf;
				ENABLE_STRICT_OBJC_MSGSEND = YES;
				ENABLE_TESTABILITY = YES;
				GCC_C_LANGUAGE_STANDARD = gnu99;
				GCC_DYNAMIC_NO_PIC = NO;
				GCC_NO_COMMON_BLOCKS = YES;
				GCC_OPTIMIZATION_LEVEL = 0;
				GCC_PREPROCESSOR_DEFINITIONS = (
					"DEBUG=1",
					"$(inherited)",
				);
				GCC_WARN_64_TO_32_BIT_CONVERSION = YES;
				GCC_WARN_ABOUT_RETURN_TYPE = YES_ERROR;
				GCC_WARN_UNDECLARED_SELECTOR = YES;
				GCC_WARN_UNINITIALIZED_AUTOS = YES_AGGRESSIVE;
				GCC_WARN_UNUSED_FUNCTION = YES;
				GCC_WARN_UNUSED_VARIABLE = YES;
				IPHONEOS_DEPLOYMENT_TARGET = 9.1;
				MTL_ENABLE_DEBUG_INFO = YES;
				ONLY_ACTIVE_ARCH = YES;
				SDKROOT = iphoneos;
			};
			name = Debug;
		};
		04DAC2451BE0A0CA0056E786 /* Release */ = {
			isa = XCBuildConfiguration;
			buildSettings = {
				ALWAYS_SEARCH_USER_PATHS = NO;
				CLANG_CXX_LANGUAGE_STANDARD = "gnu++0x";
				CLANG_CXX_LIBRARY = "libc++";
				CLANG_ENABLE_MODULES = YES;
				CLANG_ENABLE_OBJC_ARC = YES;
				CLANG_WARN_BOOL_CONVERSION = YES;
				CLANG_WARN_CONSTANT_CONVERSION = YES;
				CLANG_WARN_DIRECT_OBJC_ISA_USAGE = YES_ERROR;
				CLANG_WARN_EMPTY_BODY = YES;
				CLANG_WARN_ENUM_CONVERSION = YES;
				CLANG_WARN_INT_CONVERSION = YES;
				CLANG_WARN_OBJC_ROOT_CLASS = YES_ERROR;
				CLANG_WARN_UNREACHABLE_CODE = YES;
				CLANG_WARN__DUPLICATE_METHOD_MATCH = YES;
				"CODE_SIGN_IDENTITY[sdk=iphoneos*]" = "iPhone Developer";
				COPY_PHASE_STRIP = NO;
				DEBUG_INFORMATION_FORMAT = "dwarf-with-dsym";
				ENABLE_NS_ASSERTIONS = NO;
				ENABLE_STRICT_OBJC_MSGSEND = YES;
				GCC_C_LANGUAGE_STANDARD = gnu99;
				GCC_NO_COMMON_BLOCKS = YES;
				GCC_WARN_64_TO_32_BIT_CONVERSION = YES;
				GCC_WARN_ABOUT_RETURN_TYPE = YES_ERROR;
				GCC_WARN_UNDECLARED_SELECTOR = YES;
				GCC_WARN_UNINITIALIZED_AUTOS = YES_AGGRESSIVE;
				GCC_WARN_UNUSED_FUNCTION = YES;
				GCC_WARN_UNUSED_VARIABLE = YES;
				IPHONEOS_DEPLOYMENT_TARGET = 9.1;
				MTL_ENABLE_DEBUG_INFO = NO;
				SDKROOT = iphoneos;
				VALIDATE_PRODUCT = YES;
			};
			name = Release;
		};
		04DAC2471BE0A0CA0056E786 /* Debug */ = {
			isa = XCBuildConfiguration;
			baseConfigurationReference = 274C34ED3A27DA25D146A6B7 /* Pods.debug.xcconfig */;
			buildSettings = {
				ASSETCATALOG_COMPILER_APPICON_NAME = AppIcon;
				ASSETCATALOG_COMPILER_LAUNCHIMAGE_NAME = BrandAsset;
				CODE_SIGN_IDENTITY = "iPhone Developer";
				GCC_PREFIX_HEADER = BSBDJ/PrefixHeader.pch;
				INFOPLIST_FILE = BSBDJ/Info.plist;
				IPHONEOS_DEPLOYMENT_TARGET = 9.0;
				LD_RUNPATH_SEARCH_PATHS = "$(inherited) @executable_path/Frameworks";
				PRODUCT_BUNDLE_IDENTIFIER = cn.A3.BSBDJ;
				PRODUCT_NAME = "$(TARGET_NAME)";
			};
			name = Debug;
		};
		04DAC2481BE0A0CA0056E786 /* Release */ = {
			isa = XCBuildConfiguration;
			baseConfigurationReference = 31E90EC749C11914B1CD681B /* Pods.release.xcconfig */;
			buildSettings = {
				ASSETCATALOG_COMPILER_APPICON_NAME = AppIcon;
				ASSETCATALOG_COMPILER_LAUNCHIMAGE_NAME = BrandAsset;
				CODE_SIGN_IDENTITY = "iPhone Developer";
				GCC_PREFIX_HEADER = BSBDJ/PrefixHeader.pch;
				INFOPLIST_FILE = BSBDJ/Info.plist;
				IPHONEOS_DEPLOYMENT_TARGET = 9.0;
				LD_RUNPATH_SEARCH_PATHS = "$(inherited) @executable_path/Frameworks";
				PRODUCT_BUNDLE_IDENTIFIER = cn.A3.BSBDJ;
				PRODUCT_NAME = "$(TARGET_NAME)";
			};
			name = Release;
		};
		04DAC24A1BE0A0CA0056E786 /* Debug */ = {
			isa = XCBuildConfiguration;
			buildSettings = {
				BUNDLE_LOADER = "$(TEST_HOST)";
				INFOPLIST_FILE = BSBDJTests/Info.plist;
				LD_RUNPATH_SEARCH_PATHS = "$(inherited) @executable_path/Frameworks @loader_path/Frameworks";
				PRODUCT_BUNDLE_IDENTIFIER = cn.A3.BSBDJTests;
				PRODUCT_NAME = "$(TARGET_NAME)";
				TEST_HOST = "$(BUILT_PRODUCTS_DIR)/BSBDJ.app/BSBDJ";
			};
			name = Debug;
		};
		04DAC24B1BE0A0CA0056E786 /* Release */ = {
			isa = XCBuildConfiguration;
			buildSettings = {
				BUNDLE_LOADER = "$(TEST_HOST)";
				INFOPLIST_FILE = BSBDJTests/Info.plist;
				LD_RUNPATH_SEARCH_PATHS = "$(inherited) @executable_path/Frameworks @loader_path/Frameworks";
				PRODUCT_BUNDLE_IDENTIFIER = cn.A3.BSBDJTests;
				PRODUCT_NAME = "$(TARGET_NAME)";
				TEST_HOST = "$(BUILT_PRODUCTS_DIR)/BSBDJ.app/BSBDJ";
			};
			name = Release;
		};
		04DAC24D1BE0A0CA0056E786 /* Debug */ = {
			isa = XCBuildConfiguration;
			buildSettings = {
				INFOPLIST_FILE = BSBDJUITests/Info.plist;
				LD_RUNPATH_SEARCH_PATHS = "$(inherited) @executable_path/Frameworks @loader_path/Frameworks";
				PRODUCT_BUNDLE_IDENTIFIER = cn.A3.BSBDJUITests;
				PRODUCT_NAME = "$(TARGET_NAME)";
				TEST_TARGET_NAME = BSBDJ;
				USES_XCTRUNNER = YES;
			};
			name = Debug;
		};
		04DAC24E1BE0A0CA0056E786 /* Release */ = {
			isa = XCBuildConfiguration;
			buildSettings = {
				INFOPLIST_FILE = BSBDJUITests/Info.plist;
				LD_RUNPATH_SEARCH_PATHS = "$(inherited) @executable_path/Frameworks @loader_path/Frameworks";
				PRODUCT_BUNDLE_IDENTIFIER = cn.A3.BSBDJUITests;
				PRODUCT_NAME = "$(TARGET_NAME)";
				TEST_TARGET_NAME = BSBDJ;
				USES_XCTRUNNER = YES;
			};
			name = Release;
		};
/* End XCBuildConfiguration section */

/* Begin XCConfigurationList section */
		04DAC2141BE0A0C90056E786 /* Build configuration list for PBXProject "BSBDJ" */ = {
			isa = XCConfigurationList;
			buildConfigurations = (
				04DAC2441BE0A0CA0056E786 /* Debug */,
				04DAC2451BE0A0CA0056E786 /* Release */,
			);
			defaultConfigurationIsVisible = 0;
			defaultConfigurationName = Release;
		};
		04DAC2461BE0A0CA0056E786 /* Build configuration list for PBXNativeTarget "BSBDJ" */ = {
			isa = XCConfigurationList;
			buildConfigurations = (
				04DAC2471BE0A0CA0056E786 /* Debug */,
				04DAC2481BE0A0CA0056E786 /* Release */,
			);
			defaultConfigurationIsVisible = 0;
			defaultConfigurationName = Release;
		};
		04DAC2491BE0A0CA0056E786 /* Build configuration list for PBXNativeTarget "BSBDJTests" */ = {
			isa = XCConfigurationList;
			buildConfigurations = (
				04DAC24A1BE0A0CA0056E786 /* Debug */,
				04DAC24B1BE0A0CA0056E786 /* Release */,
			);
			defaultConfigurationIsVisible = 0;
			defaultConfigurationName = Release;
		};
		04DAC24C1BE0A0CA0056E786 /* Build configuration list for PBXNativeTarget "BSBDJUITests" */ = {
			isa = XCConfigurationList;
			buildConfigurations = (
				04DAC24D1BE0A0CA0056E786 /* Debug */,
				04DAC24E1BE0A0CA0056E786 /* Release */,
			);
			defaultConfigurationIsVisible = 0;
			defaultConfigurationName = Release;
		};
/* End XCConfigurationList section */
	};
	rootObject = 04DAC2111BE0A0C90056E786 /* Project object */;
}
